// !$*UTF8*$!
{
	archiveVersion = 1;
	classes = {
	};
	objectVersion = 52;
	objects = {

/* Begin PBXBuildFile section */
		650A79F025BFFC2D00AAD3E2 /* Database.xcdatamodeld in Sources */ = {isa = PBXBuildFile; fileRef = 650A79EE25BFFC2D00AAD3E2 /* Database.xcdatamodeld */; };
		650A7A2C25C0207900AAD3E2 /* HomeTableViewController.swift in Sources */ = {isa = PBXBuildFile; fileRef = 650A7A2B25C0207900AAD3E2 /* HomeTableViewController.swift */; };
		650A7A5925C109A600AAD3E2 /* FoodDB+CoreDataClass.swift in Sources */ = {isa = PBXBuildFile; fileRef = 650A7A5725C109A600AAD3E2 /* FoodDB+CoreDataClass.swift */; };
		650A7A5A25C109A600AAD3E2 /* FoodDB+CoreDataProperties.swift in Sources */ = {isa = PBXBuildFile; fileRef = 650A7A5825C109A600AAD3E2 /* FoodDB+CoreDataProperties.swift */; };
		650A7A5F25C1431500AAD3E2 /* HomeTableViewCell.swift in Sources */ = {isa = PBXBuildFile; fileRef = 650A7A5E25C1431500AAD3E2 /* HomeTableViewCell.swift */; };
		650A7A6425C1473600AAD3E2 /* Database.swift in Sources */ = {isa = PBXBuildFile; fileRef = 650A7A6325C1473600AAD3E2 /* Database.swift */; };
		65AC0BF225BC394C0032BC87 /* SDWebImage in Frameworks */ = {isa = PBXBuildFile; productRef = 65AC0BF125BC394C0032BC87 /* SDWebImage */; };
		65ADB30F25BB54B20036F92E /* AppDelegate.swift in Sources */ = {isa = PBXBuildFile; fileRef = 65ADB30E25BB54B20036F92E /* AppDelegate.swift */; };
		65ADB31125BB54B20036F92E /* SceneDelegate.swift in Sources */ = {isa = PBXBuildFile; fileRef = 65ADB31025BB54B20036F92E /* SceneDelegate.swift */; };
		65ADB31325BB54B20036F92E /* ViewController.swift in Sources */ = {isa = PBXBuildFile; fileRef = 65ADB31225BB54B20036F92E /* ViewController.swift */; };
		65ADB31625BB54B20036F92E /* Main.storyboard in Resources */ = {isa = PBXBuildFile; fileRef = 65ADB31425BB54B20036F92E /* Main.storyboard */; };
		65ADB31825BB54B40036F92E /* Assets.xcassets in Resources */ = {isa = PBXBuildFile; fileRef = 65ADB31725BB54B40036F92E /* Assets.xcassets */; };
		65ADB31B25BB54B40036F92E /* LaunchScreen.storyboard in Resources */ = {isa = PBXBuildFile; fileRef = 65ADB31925BB54B40036F92E /* LaunchScreen.storyboard */; };
		65ADB32625BB54B40036F92E /* FoodTests.swift in Sources */ = {isa = PBXBuildFile; fileRef = 65ADB32525BB54B40036F92E /* FoodTests.swift */; };
		65ADB33125BB54B40036F92E /* FoodUITests.swift in Sources */ = {isa = PBXBuildFile; fileRef = 65ADB33025BB54B40036F92E /* FoodUITests.swift */; };
		65ADB35E25BB705F0036F92E /* Food.swift in Sources */ = {isa = PBXBuildFile; fileRef = 65ADB35D25BB705F0036F92E /* Food.swift */; };
		65ADB36625BB74B80036F92E /* FoodDataSource.swift in Sources */ = {isa = PBXBuildFile; fileRef = 65ADB36525BB74B80036F92E /* FoodDataSource.swift */; };
		65ADB36E25BB7ABD0036F92E /* FoodTableViewController.swift in Sources */ = {isa = PBXBuildFile; fileRef = 65ADB36D25BB7ABD0036F92E /* FoodTableViewController.swift */; };
		65E9385B25BD204A00AC2B62 /* FoodTableViewCell.swift in Sources */ = {isa = PBXBuildFile; fileRef = 65E9385A25BD204A00AC2B62 /* FoodTableViewCell.swift */; };
		65E9386025BDAEA500AC2B62 /* DetailsViewController.swift in Sources */ = {isa = PBXBuildFile; fileRef = 65E9385F25BDAEA500AC2B62 /* DetailsViewController.swift */; };
/* End PBXBuildFile section */

/* Begin PBXContainerItemProxy section */
		65ADB32225BB54B40036F92E /* PBXContainerItemProxy */ = {
			isa = PBXContainerItemProxy;
			containerPortal = 65ADB30325BB54B20036F92E /* Project object */;
			proxyType = 1;
			remoteGlobalIDString = 65ADB30A25BB54B20036F92E;
			remoteInfo = Food;
		};
		65ADB32D25BB54B40036F92E /* PBXContainerItemProxy */ = {
			isa = PBXContainerItemProxy;
			containerPortal = 65ADB30325BB54B20036F92E /* Project object */;
			proxyType = 1;
			remoteGlobalIDString = 65ADB30A25BB54B20036F92E;
			remoteInfo = Food;
		};
/* End PBXContainerItemProxy section */

/* Begin PBXFileReference section */
		650A79EF25BFFC2D00AAD3E2 /* Database.xcdatamodel */ = {isa = PBXFileReference; lastKnownFileType = wrapper.xcdatamodel; path = Database.xcdatamodel; sourceTree = "<group>"; };
		650A7A2B25C0207900AAD3E2 /* HomeTableViewController.swift */ = {isa = PBXFileReference; lastKnownFileType = sourcecode.swift; path = HomeTableViewController.swift; sourceTree = "<group>"; };
		650A7A5725C109A600AAD3E2 /* FoodDB+CoreDataClass.swift */ = {isa = PBXFileReference; lastKnownFileType = sourcecode.swift; path = "FoodDB+CoreDataClass.swift"; sourceTree = "<group>"; };
		650A7A5825C109A600AAD3E2 /* FoodDB+CoreDataProperties.swift */ = {isa = PBXFileReference; lastKnownFileType = sourcecode.swift; path = "FoodDB+CoreDataProperties.swift"; sourceTree = "<group>"; };
		650A7A5E25C1431500AAD3E2 /* HomeTableViewCell.swift */ = {isa = PBXFileReference; lastKnownFileType = sourcecode.swift; path = HomeTableViewCell.swift; sourceTree = "<group>"; };
		650A7A6325C1473600AAD3E2 /* Database.swift */ = {isa = PBXFileReference; lastKnownFileType = sourcecode.swift; path = Database.swift; sourceTree = "<group>"; };
		65ADB30B25BB54B20036F92E /* Food.app */ = {isa = PBXFileReference; explicitFileType = wrapper.application; includeInIndex = 0; path = Food.app; sourceTree = BUILT_PRODUCTS_DIR; };
		65ADB30E25BB54B20036F92E /* AppDelegate.swift */ = {isa = PBXFileReference; lastKnownFileType = sourcecode.swift; path = AppDelegate.swift; sourceTree = "<group>"; };
		65ADB31025BB54B20036F92E /* SceneDelegate.swift */ = {isa = PBXFileReference; lastKnownFileType = sourcecode.swift; path = SceneDelegate.swift; sourceTree = "<group>"; };
		65ADB31225BB54B20036F92E /* ViewController.swift */ = {isa = PBXFileReference; lastKnownFileType = sourcecode.swift; path = ViewController.swift; sourceTree = "<group>"; };
		65ADB31525BB54B20036F92E /* Base */ = {isa = PBXFileReference; lastKnownFileType = file.storyboard; name = Base; path = Base.lproj/Main.storyboard; sourceTree = "<group>"; };
		65ADB31725BB54B40036F92E /* Assets.xcassets */ = {isa = PBXFileReference; lastKnownFileType = folder.assetcatalog; path = Assets.xcassets; sourceTree = "<group>"; };
		65ADB31A25BB54B40036F92E /* Base */ = {isa = PBXFileReference; lastKnownFileType = file.storyboard; name = Base; path = Base.lproj/LaunchScreen.storyboard; sourceTree = "<group>"; };
		65ADB31C25BB54B40036F92E /* Info.plist */ = {isa = PBXFileReference; lastKnownFileType = text.plist.xml; path = Info.plist; sourceTree = "<group>"; };
		65ADB32125BB54B40036F92E /* FoodTests.xctest */ = {isa = PBXFileReference; explicitFileType = wrapper.cfbundle; includeInIndex = 0; path = FoodTests.xctest; sourceTree = BUILT_PRODUCTS_DIR; };
		65ADB32525BB54B40036F92E /* FoodTests.swift */ = {isa = PBXFileReference; lastKnownFileType = sourcecode.swift; path = FoodTests.swift; sourceTree = "<group>"; };
		65ADB32725BB54B40036F92E /* Info.plist */ = {isa = PBXFileReference; lastKnownFileType = text.plist.xml; path = Info.plist; sourceTree = "<group>"; };
		65ADB32C25BB54B40036F92E /* FoodUITests.xctest */ = {isa = PBXFileReference; explicitFileType = wrapper.cfbundle; includeInIndex = 0; path = FoodUITests.xctest; sourceTree = BUILT_PRODUCTS_DIR; };
		65ADB33025BB54B40036F92E /* FoodUITests.swift */ = {isa = PBXFileReference; lastKnownFileType = sourcecode.swift; path = FoodUITests.swift; sourceTree = "<group>"; };
		65ADB33225BB54B40036F92E /* Info.plist */ = {isa = PBXFileReference; lastKnownFileType = text.plist.xml; path = Info.plist; sourceTree = "<group>"; };
		65ADB35D25BB705F0036F92E /* Food.swift */ = {isa = PBXFileReference; lastKnownFileType = sourcecode.swift; path = Food.swift; sourceTree = "<group>"; };
		65ADB36525BB74B80036F92E /* FoodDataSource.swift */ = {isa = PBXFileReference; lastKnownFileType = sourcecode.swift; path = FoodDataSource.swift; sourceTree = "<group>"; };
		65ADB36D25BB7ABD0036F92E /* FoodTableViewController.swift */ = {isa = PBXFileReference; lastKnownFileType = sourcecode.swift; path = FoodTableViewController.swift; sourceTree = "<group>"; };
		65E9385A25BD204A00AC2B62 /* FoodTableViewCell.swift */ = {isa = PBXFileReference; lastKnownFileType = sourcecode.swift; path = FoodTableViewCell.swift; sourceTree = "<group>"; };
		65E9385F25BDAEA500AC2B62 /* DetailsViewController.swift */ = {isa = PBXFileReference; lastKnownFileType = sourcecode.swift; path = DetailsViewController.swift; sourceTree = "<group>"; };
/* End PBXFileReference section */

/* Begin PBXFrameworksBuildPhase section */
		65ADB30825BB54B20036F92E /* Frameworks */ = {
			isa = PBXFrameworksBuildPhase;
			buildActionMask = 2147483647;
			files = (
				65AC0BF225BC394C0032BC87 /* SDWebImage in Frameworks */,
			);
			runOnlyForDeploymentPostprocessing = 0;
		};
		65ADB31E25BB54B40036F92E /* Frameworks */ = {
			isa = PBXFrameworksBuildPhase;
			buildActionMask = 2147483647;
			files = (
			);
			runOnlyForDeploymentPostprocessing = 0;
		};
		65ADB32925BB54B40036F92E /* Frameworks */ = {
			isa = PBXFrameworksBuildPhase;
			buildActionMask = 2147483647;
			files = (
			);
			runOnlyForDeploymentPostprocessing = 0;
		};
/* End PBXFrameworksBuildPhase section */

/* Begin PBXGroup section */
		65ADB30225BB54B20036F92E = {
			isa = PBXGroup;
			children = (
				650A7A5725C109A600AAD3E2 /* FoodDB+CoreDataClass.swift */,
				650A7A5825C109A600AAD3E2 /* FoodDB+CoreDataProperties.swift */,
				65ADB30D25BB54B20036F92E /* Food */,
				65ADB32425BB54B40036F92E /* FoodTests */,
				65ADB32F25BB54B40036F92E /* FoodUITests */,
				65ADB30C25BB54B20036F92E /* Products */,
			);
			sourceTree = "<group>";
		};
		65ADB30C25BB54B20036F92E /* Products */ = {
			isa = PBXGroup;
			children = (
				65ADB30B25BB54B20036F92E /* Food.app */,
				65ADB32125BB54B40036F92E /* FoodTests.xctest */,
				65ADB32C25BB54B40036F92E /* FoodUITests.xctest */,
			);
			name = Products;
			sourceTree = "<group>";
		};
		65ADB30D25BB54B20036F92E /* Food */ = {
			isa = PBXGroup;
			children = (
				65ADB34425BB589A0036F92E /* controllers */,
				65ADB34325BB58910036F92E /* models */,
				65ADB34125BB587B0036F92E /* views */,
				65ADB30E25BB54B20036F92E /* AppDelegate.swift */,
				65ADB31025BB54B20036F92E /* SceneDelegate.swift */,
				65ADB31225BB54B20036F92E /* ViewController.swift */,
				65ADB31425BB54B20036F92E /* Main.storyboard */,
				650A79EE25BFFC2D00AAD3E2 /* Database.xcdatamodeld */,
				65ADB31725BB54B40036F92E /* Assets.xcassets */,
				65ADB31925BB54B40036F92E /* LaunchScreen.storyboard */,
				65ADB31C25BB54B40036F92E /* Info.plist */,
			);
			path = Food;
			sourceTree = "<group>";
		};
		65ADB32425BB54B40036F92E /* FoodTests */ = {
			isa = PBXGroup;
			children = (
				65ADB32525BB54B40036F92E /* FoodTests.swift */,
				65ADB32725BB54B40036F92E /* Info.plist */,
			);
			path = FoodTests;
			sourceTree = "<group>";
		};
		65ADB32F25BB54B40036F92E /* FoodUITests */ = {
			isa = PBXGroup;
			children = (
				65ADB33025BB54B40036F92E /* FoodUITests.swift */,
				65ADB33225BB54B40036F92E /* Info.plist */,
			);
			path = FoodUITests;
			sourceTree = "<group>";
		};
		65ADB34125BB587B0036F92E /* views */ = {
			isa = PBXGroup;
			children = (
				65E9385A25BD204A00AC2B62 /* FoodTableViewCell.swift */,
				650A7A5E25C1431500AAD3E2 /* HomeTableViewCell.swift */,
			);
			path = views;
			sourceTree = "<group>";
		};
		65ADB34325BB58910036F92E /* models */ = {
			isa = PBXGroup;
			children = (
				65ADB35D25BB705F0036F92E /* Food.swift */,
				65ADB36525BB74B80036F92E /* FoodDataSource.swift */,
				650A7A6325C1473600AAD3E2 /* Database.swift */,
			);
			path = models;
			sourceTree = "<group>";
		};
		65ADB34425BB589A0036F92E /* controllers */ = {
			isa = PBXGroup;
			children = (
				65ADB36D25BB7ABD0036F92E /* FoodTableViewController.swift */,
				65E9385F25BDAEA500AC2B62 /* DetailsViewController.swift */,
				650A7A2B25C0207900AAD3E2 /* HomeTableViewController.swift */,
			);
			path = controllers;
			sourceTree = "<group>";
		};
/* End PBXGroup section */

/* Begin PBXNativeTarget section */
		65ADB30A25BB54B20036F92E /* Food */ = {
			isa = PBXNativeTarget;
			buildConfigurationList = 65ADB33525BB54B40036F92E /* Build configuration list for PBXNativeTarget "Food" */;
			buildPhases = (
				65ADB30725BB54B20036F92E /* Sources */,
				65ADB30825BB54B20036F92E /* Frameworks */,
				65ADB30925BB54B20036F92E /* Resources */,
			);
			buildRules = (
			);
			dependencies = (
			);
			name = Food;
			packageProductDependencies = (
				65AC0BF125BC394C0032BC87 /* SDWebImage */,
			);
			productName = Food;
			productReference = 65ADB30B25BB54B20036F92E /* Food.app */;
			productType = "com.apple.product-type.application";
		};
		65ADB32025BB54B40036F92E /* FoodTests */ = {
			isa = PBXNativeTarget;
			buildConfigurationList = 65ADB33825BB54B40036F92E /* Build configuration list for PBXNativeTarget "FoodTests" */;
			buildPhases = (
				65ADB31D25BB54B40036F92E /* Sources */,
				65ADB31E25BB54B40036F92E /* Frameworks */,
				65ADB31F25BB54B40036F92E /* Resources */,
			);
			buildRules = (
			);
			dependencies = (
				65ADB32325BB54B40036F92E /* PBXTargetDependency */,
			);
			name = FoodTests;
			productName = FoodTests;
			productReference = 65ADB32125BB54B40036F92E /* FoodTests.xctest */;
			productType = "com.apple.product-type.bundle.unit-test";
		};
		65ADB32B25BB54B40036F92E /* FoodUITests */ = {
			isa = PBXNativeTarget;
			buildConfigurationList = 65ADB33B25BB54B40036F92E /* Build configuration list for PBXNativeTarget "FoodUITests" */;
			buildPhases = (
				65ADB32825BB54B40036F92E /* Sources */,
				65ADB32925BB54B40036F92E /* Frameworks */,
				65ADB32A25BB54B40036F92E /* Resources */,
			);
			buildRules = (
			);
			dependencies = (
				65ADB32E25BB54B40036F92E /* PBXTargetDependency */,
			);
			name = FoodUITests;
			productName = FoodUITests;
			productReference = 65ADB32C25BB54B40036F92E /* FoodUITests.xctest */;
			productType = "com.apple.product-type.bundle.ui-testing";
		};
/* End PBXNativeTarget section */

/* Begin PBXProject section */
		65ADB30325BB54B20036F92E /* Project object */ = {
			isa = PBXProject;
			attributes = {
				LastSwiftUpdateCheck = 1210;
				LastUpgradeCheck = 1210;
				TargetAttributes = {
					65ADB30A25BB54B20036F92E = {
						CreatedOnToolsVersion = 12.1;
					};
					65ADB32025BB54B40036F92E = {
						CreatedOnToolsVersion = 12.1;
						TestTargetID = 65ADB30A25BB54B20036F92E;
					};
					65ADB32B25BB54B40036F92E = {
						CreatedOnToolsVersion = 12.1;
						TestTargetID = 65ADB30A25BB54B20036F92E;
					};
				};
			};
			buildConfigurationList = 65ADB30625BB54B20036F92E /* Build configuration list for PBXProject "Food" */;
			compatibilityVersion = "Xcode 9.3";
			developmentRegion = en;
			hasScannedForEncodings = 0;
			knownRegions = (
				en,
				Base,
			);
			mainGroup = 65ADB30225BB54B20036F92E;
			packageReferences = (
				65AC0BF025BC394C0032BC87 /* XCRemoteSwiftPackageReference "SDWebImage" */,
			);
			productRefGroup = 65ADB30C25BB54B20036F92E /* Products */;
			projectDirPath = "";
			projectRoot = "";
			targets = (
				65ADB30A25BB54B20036F92E /* Food */,
				65ADB32025BB54B40036F92E /* FoodTests */,
				65ADB32B25BB54B40036F92E /* FoodUITests */,
			);
		};
/* End PBXProject section */

/* Begin PBXResourcesBuildPhase section */
		65ADB30925BB54B20036F92E /* Resources */ = {
			isa = PBXResourcesBuildPhase;
			buildActionMask = 2147483647;
			files = (
				65ADB31B25BB54B40036F92E /* LaunchScreen.storyboard in Resources */,
				65ADB31825BB54B40036F92E /* Assets.xcassets in Resources */,
				65ADB31625BB54B20036F92E /* Main.storyboard in Resources */,
			);
			runOnlyForDeploymentPostprocessing = 0;
		};
		65ADB31F25BB54B40036F92E /* Resources */ = {
			isa = PBXResourcesBuildPhase;
			buildActionMask = 2147483647;
			files = (
			);
			runOnlyForDeploymentPostprocessing = 0;
		};
		65ADB32A25BB54B40036F92E /* Resources */ = {
			isa = PBXResourcesBuildPhase;
			buildActionMask = 2147483647;
			files = (
			);
			runOnlyForDeploymentPostprocessing = 0;
		};
/* End PBXResourcesBuildPhase section */

/* Begin PBXSourcesBuildPhase section */
		65ADB30725BB54B20036F92E /* Sources */ = {
			isa = PBXSourcesBuildPhase;
			buildActionMask = 2147483647;
			files = (
				65ADB31325BB54B20036F92E /* ViewController.swift in Sources */,
				65ADB36E25BB7ABD0036F92E /* FoodTableViewController.swift in Sources */,
				650A7A5F25C1431500AAD3E2 /* HomeTableViewCell.swift in Sources */,
				650A7A5925C109A600AAD3E2 /* FoodDB+CoreDataClass.swift in Sources */,
				650A7A5A25C109A600AAD3E2 /* FoodDB+CoreDataProperties.swift in Sources */,
				65ADB35E25BB705F0036F92E /* Food.swift in Sources */,
				65E9386025BDAEA500AC2B62 /* DetailsViewController.swift in Sources */,
				650A7A2C25C0207900AAD3E2 /* HomeTableViewController.swift in Sources */,
				650A79F025BFFC2D00AAD3E2 /* Database.xcdatamodeld in Sources */,
				65E9385B25BD204A00AC2B62 /* FoodTableViewCell.swift in Sources */,
				65ADB36625BB74B80036F92E /* FoodDataSource.swift in Sources */,
				65ADB30F25BB54B20036F92E /* AppDelegate.swift in Sources */,
				650A7A6425C1473600AAD3E2 /* Database.swift in Sources */,
				65ADB31125BB54B20036F92E /* SceneDelegate.swift in Sources */,
			);
			runOnlyForDeploymentPostprocessing = 0;
		};
		65ADB31D25BB54B40036F92E /* Sources */ = {
			isa = PBXSourcesBuildPhase;
			buildActionMask = 2147483647;
			files = (
				65ADB32625BB54B40036F92E /* FoodTests.swift in Sources */,
			);
			runOnlyForDeploymentPostprocessing = 0;
		};
		65ADB32825BB54B40036F92E /* Sources */ = {
			isa = PBXSourcesBuildPhase;
			buildActionMask = 2147483647;
			files = (
				65ADB33125BB54B40036F92E /* FoodUITests.swift in Sources */,
			);
			runOnlyForDeploymentPostprocessing = 0;
		};
/* End PBXSourcesBuildPhase section */

/* Begin PBXTargetDependency section */
		65ADB32325BB54B40036F92E /* PBXTargetDependency */ = {
			isa = PBXTargetDependency;
			target = 65ADB30A25BB54B20036F92E /* Food */;
			targetProxy = 65ADB32225BB54B40036F92E /* PBXContainerItemProxy */;
		};
		65ADB32E25BB54B40036F92E /* PBXTargetDependency */ = {
			isa = PBXTargetDependency;
			target = 65ADB30A25BB54B20036F92E /* Food */;
			targetProxy = 65ADB32D25BB54B40036F92E /* PBXContainerItemProxy */;
		};
/* End PBXTargetDependency section */

/* Begin PBXVariantGroup section */
		65ADB31425BB54B20036F92E /* Main.storyboard */ = {
			isa = PBXVariantGroup;
			children = (
				65ADB31525BB54B20036F92E /* Base */,
			);
			name = Main.storyboard;
			sourceTree = "<group>";
		};
		65ADB31925BB54B40036F92E /* LaunchScreen.storyboard */ = {
			isa = PBXVariantGroup;
			children = (
				65ADB31A25BB54B40036F92E /* Base */,
			);
			name = LaunchScreen.storyboard;
			sourceTree = "<group>";
		};
/* End PBXVariantGroup section */

/* Begin XCBuildConfiguration section */
		65ADB33325BB54B40036F92E /* Debug */ = {
			isa = XCBuildConfiguration;
			buildSettings = {
				ALWAYS_SEARCH_USER_PATHS = NO;
				CLANG_ANALYZER_NONNULL = YES;
				CLANG_ANALYZER_NUMBER_OBJECT_CONVERSION = YES_AGGRESSIVE;
				CLANG_CXX_LANGUAGE_STANDARD = "gnu++14";
				CLANG_CXX_LIBRARY = "libc++";
				CLANG_ENABLE_MODULES = YES;
				CLANG_ENABLE_OBJC_ARC = YES;
				CLANG_ENABLE_OBJC_WEAK = YES;
				CLANG_WARN_BLOCK_CAPTURE_AUTORELEASING = YES;
				CLANG_WARN_BOOL_CONVERSION = YES;
				CLANG_WARN_COMMA = YES;
				CLANG_WARN_CONSTANT_CONVERSION = YES;
				CLANG_WARN_DEPRECATED_OBJC_IMPLEMENTATIONS = YES;
				CLANG_WARN_DIRECT_OBJC_ISA_USAGE = YES_ERROR;
				CLANG_WARN_DOCUMENTATION_COMMENTS = YES;
				CLANG_WARN_EMPTY_BODY = YES;
				CLANG_WARN_ENUM_CONVERSION = YES;
				CLANG_WARN_INFINITE_RECURSION = YES;
				CLANG_WARN_INT_CONVERSION = YES;
				CLANG_WARN_NON_LITERAL_NULL_CONVERSION = YES;
				CLANG_WARN_OBJC_IMPLICIT_RETAIN_SELF = YES;
				CLANG_WARN_OBJC_LITERAL_CONVERSION = YES;
				CLANG_WARN_OBJC_ROOT_CLASS = YES_ERROR;
				CLANG_WARN_QUOTED_INCLUDE_IN_FRAMEWORK_HEADER = YES;
				CLANG_WARN_RANGE_LOOP_ANALYSIS = YES;
				CLANG_WARN_STRICT_PROTOTYPES = YES;
				CLANG_WARN_SUSPICIOUS_MOVE = YES;
				CLANG_WARN_UNGUARDED_AVAILABILITY = YES_AGGRESSIVE;
				CLANG_WARN_UNREACHABLE_CODE = YES;
				CLANG_WARN__DUPLICATE_METHOD_MATCH = YES;
				COPY_PHASE_STRIP = NO;
				DEBUG_INFORMATION_FORMAT = dwarf;
				ENABLE_STRICT_OBJC_MSGSEND = YES;
				ENABLE_TESTABILITY = YES;
				GCC_C_LANGUAGE_STANDARD = gnu11;
				GCC_DYNAMIC_NO_PIC = NO;
				GCC_NO_COMMON_BLOCKS = YES;
				GCC_OPTIMIZATION_LEVEL = 0;
				GCC_PREPROCESSOR_DEFINITIONS = (
					"DEBUG=1",
					"$(inherited)",
				);
				GCC_WARN_64_TO_32_BIT_CONVERSION = YES;
				GCC_WARN_ABOUT_RETURN_TYPE = YES_ERROR;
				GCC_WARN_UNDECLARED_SELECTOR = YES;
				GCC_WARN_UNINITIALIZED_AUTOS = YES_AGGRESSIVE;
				GCC_WARN_UNUSED_FUNCTION = YES;
				GCC_WARN_UNUSED_VARIABLE = YES;
				IPHONEOS_DEPLOYMENT_TARGET = 14.1;
				MTL_ENABLE_DEBUG_INFO = INCLUDE_SOURCE;
				MTL_FAST_MATH = YES;
				ONLY_ACTIVE_ARCH = YES;
				SDKROOT = iphoneos;
				SWIFT_ACTIVE_COMPILATION_CONDITIONS = DEBUG;
				SWIFT_OPTIMIZATION_LEVEL = "-Onone";
			};
			name = Debug;
		};
		65ADB33425BB54B40036F92E /* Release */ = {
			isa = XCBuildConfiguration;
			buildSettings = {
				ALWAYS_SEARCH_USER_PATHS = NO;
				CLANG_ANALYZER_NONNULL = YES;
				CLANG_ANALYZER_NUMBER_OBJECT_CONVERSION = YES_AGGRESSIVE;
				CLANG_CXX_LANGUAGE_STANDARD = "gnu++14";
				CLANG_CXX_LIBRARY = "libc++";
				CLANG_ENABLE_MODULES = YES;
				CLANG_ENABLE_OBJC_ARC = YES;
				CLANG_ENABLE_OBJC_WEAK = YES;
				CLANG_WARN_BLOCK_CAPTURE_AUTORELEASING = YES;
				CLANG_WARN_BOOL_CONVERSION = YES;
				CLANG_WARN_COMMA = YES;
				CLANG_WARN_CONSTANT_CONVERSION = YES;
				CLANG_WARN_DEPRECATED_OBJC_IMPLEMENTATIONS = YES;
				CLANG_WARN_DIRECT_OBJC_ISA_USAGE = YES_ERROR;
				CLANG_WARN_DOCUMENTATION_COMMENTS = YES;
				CLANG_WARN_EMPTY_BODY = YES;
				CLANG_WARN_ENUM_CONVERSION = YES;
				CLANG_WARN_INFINITE_RECURSION = YES;
				CLANG_WARN_INT_CONVERSION = YES;
				CLANG_WARN_NON_LITERAL_NULL_CONVERSION = YES;
				CLANG_WARN_OBJC_IMPLICIT_RETAIN_SELF = YES;
				CLANG_WARN_OBJC_LITERAL_CONVERSION = YES;
				CLANG_WARN_OBJC_ROOT_CLASS = YES_ERROR;
				CLANG_WARN_QUOTED_INCLUDE_IN_FRAMEWORK_HEADER = YES;
				CLANG_WARN_RANGE_LOOP_ANALYSIS = YES;
				CLANG_WARN_STRICT_PROTOTYPES = YES;
				CLANG_WARN_SUSPICIOUS_MOVE = YES;
				CLANG_WARN_UNGUARDED_AVAILABILITY = YES_AGGRESSIVE;
				CLANG_WARN_UNREACHABLE_CODE = YES;
				CLANG_WARN__DUPLICATE_METHOD_MATCH = YES;
				COPY_PHASE_STRIP = NO;
				DEBUG_INFORMATION_FORMAT = "dwarf-with-dsym";
				ENABLE_NS_ASSERTIONS = NO;
				ENABLE_STRICT_OBJC_MSGSEND = YES;
				GCC_C_LANGUAGE_STANDARD = gnu11;
				GCC_NO_COMMON_BLOCKS = YES;
				GCC_WARN_64_TO_32_BIT_CONVERSION = YES;
				GCC_WARN_ABOUT_RETURN_TYPE = YES_ERROR;
				GCC_WARN_UNDECLARED_SELECTOR = YES;
				GCC_WARN_UNINITIALIZED_AUTOS = YES_AGGRESSIVE;
				GCC_WARN_UNUSED_FUNCTION = YES;
				GCC_WARN_UNUSED_VARIABLE = YES;
				IPHONEOS_DEPLOYMENT_TARGET = 14.1;
				MTL_ENABLE_DEBUG_INFO = NO;
				MTL_FAST_MATH = YES;
				SDKROOT = iphoneos;
				SWIFT_COMPILATION_MODE = wholemodule;
				SWIFT_OPTIMIZATION_LEVEL = "-O";
				VALIDATE_PRODUCT = YES;
			};
			name = Release;
		};
		65ADB33625BB54B40036F92E /* Debug */ = {
			isa = XCBuildConfiguration;
			buildSettings = {
				ASSETCATALOG_COMPILER_APPICON_NAME = AppIcon;
				ASSETCATALOG_COMPILER_GLOBAL_ACCENT_COLOR_NAME = AccentColor;
				CODE_SIGN_STYLE = Automatic;
				DEVELOPMENT_TEAM = 73VDXC9247;
				INFOPLIST_FILE = Food/Info.plist;
				IPHONEOS_DEPLOYMENT_TARGET = 14.1;
				LD_RUNPATH_SEARCH_PATHS = (
					"$(inherited)",
					"@executable_path/Frameworks",
				);
				PRODUCT_BUNDLE_IDENTIFIER = dan.los.Food;
				PRODUCT_NAME = "$(TARGET_NAME)";
				SWIFT_VERSION = 5.0;
				TARGETED_DEVICE_FAMILY = 1;
			};
			name = Debug;
		};
		65ADB33725BB54B40036F92E /* Release */ = {
			isa = XCBuildConfiguration;
			buildSettings = {
				ASSETCATALOG_COMPILER_APPICON_NAME = AppIcon;
				ASSETCATALOG_COMPILER_GLOBAL_ACCENT_COLOR_NAME = AccentColor;
				CODE_SIGN_STYLE = Automatic;
				DEVELOPMENT_TEAM = 73VDXC9247;
				INFOPLIST_FILE = Food/Info.plist;
				IPHONEOS_DEPLOYMENT_TARGET = 14.1;
				LD_RUNPATH_SEARCH_PATHS = (
					"$(inherited)",
					"@executable_path/Frameworks",
				);
				PRODUCT_BUNDLE_IDENTIFIER = dan.los.Food;
				PRODUCT_NAME = "$(TARGET_NAME)";
				SWIFT_VERSION = 5.0;
				TARGETED_DEVICE_FAMILY = 1;
			};
			name = Release;
		};
		65ADB33925BB54B40036F92E /* Debug */ = {
			isa = XCBuildConfiguration;
			buildSettings = {
				ALWAYS_EMBED_SWIFT_STANDARD_LIBRARIES = YES;
				BUNDLE_LOADER = "$(TEST_HOST)";
				CODE_SIGN_STYLE = Automatic;
				INFOPLIST_FILE = FoodTests/Info.plist;
				IPHONEOS_DEPLOYMENT_TARGET = 14.1;
				LD_RUNPATH_SEARCH_PATHS = (
					"$(inherited)",
					"@executable_path/Frameworks",
					"@loader_path/Frameworks",
				);
				PRODUCT_BUNDLE_IDENTIFIER = dan.los.FoodTests;
				PRODUCT_NAME = "$(TARGET_NAME)";
				SWIFT_VERSION = 5.0;
				TARGETED_DEVICE_FAMILY = "1,2";
				TEST_HOST = "$(BUILT_PRODUCTS_DIR)/Food.app/Food";
			};
			name = Debug;
		};
		65ADB33A25BB54B40036F92E /* Release */ = {
			isa = XCBuildConfiguration;
			buildSettings = {
				ALWAYS_EMBED_SWIFT_STANDARD_LIBRARIES = YES;
				BUNDLE_LOADER = "$(TEST_HOST)";
				CODE_SIGN_STYLE = Automatic;
				INFOPLIST_FILE = FoodTests/Info.plist;
				IPHONEOS_DEPLOYMENT_TARGET = 14.1;
				LD_RUNPATH_SEARCH_PATHS = (
					"$(inherited)",
					"@executable_path/Frameworks",
					"@loader_path/Frameworks",
				);
				PRODUCT_BUNDLE_IDENTIFIER = dan.los.FoodTests;
				PRODUCT_NAME = "$(TARGET_NAME)";
				SWIFT_VERSION = 5.0;
				TARGETED_DEVICE_FAMILY = "1,2";
				TEST_HOST = "$(BUILT_PRODUCTS_DIR)/Food.app/Food";
			};
			name = Release;
		};
		65ADB33C25BB54B40036F92E /* Debug */ = {
			isa = XCBuildConfiguration;
			buildSettings = {
				ALWAYS_EMBED_SWIFT_STANDARD_LIBRARIES = YES;
				CODE_SIGN_STYLE = Automatic;
				INFOPLIST_FILE = FoodUITests/Info.plist;
				LD_RUNPATH_SEARCH_PATHS = (
					"$(inherited)",
					"@executable_path/Frameworks",
					"@loader_path/Frameworks",
				);
				PRODUCT_BUNDLE_IDENTIFIER = dan.los.FoodUITests;
				PRODUCT_NAME = "$(TARGET_NAME)";
				SWIFT_VERSION = 5.0;
				TARGETED_DEVICE_FAMILY = "1,2";
				TEST_TARGET_NAME = Food;
			};
			name = Debug;
		};
		65ADB33D25BB54B40036F92E /* Release */ = {
			isa = XCBuildConfiguration;
			buildSettings = {
				ALWAYS_EMBED_SWIFT_STANDARD_LIBRARIES = YES;
				CODE_SIGN_STYLE = Automatic;
				INFOPLIST_FILE = FoodUITests/Info.plist;
				LD_RUNPATH_SEARCH_PATHS = (
					"$(inherited)",
					"@executable_path/Frameworks",
					"@loader_path/Frameworks",
				);
				PRODUCT_BUNDLE_IDENTIFIER = dan.los.FoodUITests;
				PRODUCT_NAME = "$(TARGET_NAME)";
				SWIFT_VERSION = 5.0;
				TARGETED_DEVICE_FAMILY = "1,2";
				TEST_TARGET_NAME = Food;
			};
			name = Release;
		};
/* End XCBuildConfiguration section */

/* Begin XCConfigurationList section */
		65ADB30625BB54B20036F92E /* Build configuration list for PBXProject "Food" */ = {
			isa = XCConfigurationList;
			buildConfigurations = (
				65ADB33325BB54B40036F92E /* Debug */,
				65ADB33425BB54B40036F92E /* Release */,
			);
			defaultConfigurationIsVisible = 0;
			defaultConfigurationName = Release;
		};
		65ADB33525BB54B40036F92E /* Build configuration list for PBXNativeTarget "Food" */ = {
			isa = XCConfigurationList;
			buildConfigurations = (
				65ADB33625BB54B40036F92E /* Debug */,
				65ADB33725BB54B40036F92E /* Release */,
			);
			defaultConfigurationIsVisible = 0;
			defaultConfigurationName = Release;
		};
		65ADB33825BB54B40036F92E /* Build configuration list for PBXNativeTarget "FoodTests" */ = {
			isa = XCConfigurationList;
			buildConfigurations = (
				65ADB33925BB54B40036F92E /* Debug */,
				65ADB33A25BB54B40036F92E /* Release */,
			);
			defaultConfigurationIsVisible = 0;
			defaultConfigurationName = Release;
		};
		65ADB33B25BB54B40036F92E /* Build configuration list for PBXNativeTarget "FoodUITests" */ = {
			isa = XCConfigurationList;
			buildConfigurations = (
				65ADB33C25BB54B40036F92E /* Debug */,
				65ADB33D25BB54B40036F92E /* Release */,
			);
			defaultConfigurationIsVisible = 0;
			defaultConfigurationName = Release;
		};
/* End XCConfigurationList section */

/* Begin XCRemoteSwiftPackageReference section */
		65AC0BF025BC394C0032BC87 /* XCRemoteSwiftPackageReference "SDWebImage" */ = {
			isa = XCRemoteSwiftPackageReference;
			repositoryURL = "https://github.com/SDWebImage/SDWebImage";
			requirement = {
				kind = upToNextMajorVersion;
				minimumVersion = 5.10.3;
			};
		};
/* End XCRemoteSwiftPackageReference section */

/* Begin XCSwiftPackageProductDependency section */
		65AC0BF125BC394C0032BC87 /* SDWebImage */ = {
			isa = XCSwiftPackageProductDependency;
			package = 65AC0BF025BC394C0032BC87 /* XCRemoteSwiftPackageReference "SDWebImage" */;
			productName = SDWebImage;
		};
/* End XCSwiftPackageProductDependency section */

/* Begin XCVersionGroup section */
		650A79EE25BFFC2D00AAD3E2 /* Database.xcdatamodeld */ = {
			isa = XCVersionGroup;
			children = (
				650A79EF25BFFC2D00AAD3E2 /* Database.xcdatamodel */,
			);
			currentVersion = 650A79EF25BFFC2D00AAD3E2 /* Database.xcdatamodel */;
			path = Database.xcdatamodeld;
			sourceTree = "<group>";
			versionGroupType = wrapper.xcdatamodel;
		};
/* End XCVersionGroup section */
	};
	rootObject = 65ADB30325BB54B20036F92E /* Project object */;
}
